// !$*UTF8*$!
{
	archiveVersion = 1;
	classes = {
	};
	objectVersion = 46;
	objects = {

/* Begin PBXBuildFile section */
		113FF74E1D89CE8D00138593 /* clipboard@2x.png in Resources */ = {isa = PBXBuildFile; fileRef = 113FF74B1D89CE8D00138593 /* clipboard@2x.png */; };
		113FF7501D89CE8D00138593 /* paper-plane@2x.png in Resources */ = {isa = PBXBuildFile; fileRef = 113FF74D1D89CE8D00138593 /* paper-plane@2x.png */; };
		113FF7541D89D03500138593 /* wallet@2x.png in Resources */ = {isa = PBXBuildFile; fileRef = 113FF7531D89D03500138593 /* wallet@2x.png */; };
		1157945B1D79F0FB0039DAF1 /* moneybag_256.png in Resources */ = {isa = PBXBuildFile; fileRef = 1157945A1D79F0FB0039DAF1 /* moneybag_256.png */; };
		1161BE611D85278100D5A28A /* arrow_256.png in Resources */ = {isa = PBXBuildFile; fileRef = 1161BE601D85278100D5A28A /* arrow_256.png */; };
		1161BE641D8551AF00D5A28A /* SignupViewController.mm in Sources */ = {isa = PBXBuildFile; fileRef = 1161BE631D8551AF00D5A28A /* SignupViewController.mm */; };
		1161BE6A1D855A3800D5A28A /* ProfileViewController.mm in Sources */ = {isa = PBXBuildFile; fileRef = 1161BE691D855A3800D5A28A /* ProfileViewController.mm */; };
		1161BE6E1D858B1400D5A28A /* SearchViewController.mm in Sources */ = {isa = PBXBuildFile; fileRef = 1161BE6D1D858B1400D5A28A /* SearchViewController.mm */; };
		118704761D78AC6A00D88E6D /* main.m in Sources */ = {isa = PBXBuildFile; fileRef = 118704751D78AC6A00D88E6D /* main.m */; };
		118704791D78AC6A00D88E6D /* AppDelegate.m in Sources */ = {isa = PBXBuildFile; fileRef = 118704781D78AC6A00D88E6D /* AppDelegate.m */; };
		1187047F1D78AC6A00D88E6D /* Main.storyboard in Resources */ = {isa = PBXBuildFile; fileRef = 1187047D1D78AC6A00D88E6D /* Main.storyboard */; };
		118704811D78AC6A00D88E6D /* Assets.xcassets in Resources */ = {isa = PBXBuildFile; fileRef = 118704801D78AC6A00D88E6D /* Assets.xcassets */; };
		118704841D78AC6A00D88E6D /* LaunchScreen.storyboard in Resources */ = {isa = PBXBuildFile; fileRef = 118704821D78AC6A00D88E6D /* LaunchScreen.storyboard */; };
		11A650781D8AF825009D56F2 /* TransferViewController.mm in Sources */ = {isa = PBXBuildFile; fileRef = 11A650771D8AF825009D56F2 /* TransferViewController.mm */; };
		11A6507C1D8B0C82009D56F2 /* CommonViewController.mm in Sources */ = {isa = PBXBuildFile; fileRef = 11A6507B1D8B0C82009D56F2 /* CommonViewController.mm */; };
		11A650801D8B1155009D56F2 /* HistoryViewController.mm in Sources */ = {isa = PBXBuildFile; fileRef = 11A6507F1D8B1155009D56F2 /* HistoryViewController.mm */; };
		11A650821D8B22B5009D56F2 /* arrow-right2.png in Resources */ = {isa = PBXBuildFile; fileRef = 11A650811D8B22B5009D56F2 /* arrow-right2.png */; };
		11A650841D8B30C6009D56F2 /* moneybag_gray_256.png in Resources */ = {isa = PBXBuildFile; fileRef = 11A650831D8B30C6009D56F2 /* moneybag_gray_256.png */; };
		11C353B61D8E8CBD0046E097 /* Constants.cpp in Sources */ = {isa = PBXBuildFile; fileRef = 11C353B41D8E8CBD0046E097 /* Constants.cpp */; };
		11C353B81D8EAB030046E097 /* arrow-left.png in Resources */ = {isa = PBXBuildFile; fileRef = 11C353B71D8EAB030046E097 /* arrow-left.png */; };
		11C353BA1D8EAC2A0046E097 /* arrow-right2_red.png in Resources */ = {isa = PBXBuildFile; fileRef = 11C353B91D8EAC2A0046E097 /* arrow-right2_red.png */; };
		11D5A9B31D929030002A15EF /* Service.mm in Sources */ = {isa = PBXBuildFile; fileRef = 11D5A9B21D929030002A15EF /* Service.mm */; };
		11EB976D1D8D97F700B536EB /* HistoryTableViewCell.mm in Sources */ = {isa = PBXBuildFile; fileRef = 11EB976C1D8D97F700B536EB /* HistoryTableViewCell.mm */; };
		11ED671E1D81AD4500DC5CEB /* LoginViewController.mm in Sources */ = {isa = PBXBuildFile; fileRef = 11ED671D1D81AD4500DC5CEB /* LoginViewController.mm */; };
		11ED67281D81E03500DC5CEB /* Utils.mm in Sources */ = {isa = PBXBuildFile; fileRef = 11ED67271D81E03500DC5CEB /* Utils.mm */; };
		11ED672C1D81E15B00DC5CEB /* Theme.mm in Sources */ = {isa = PBXBuildFile; fileRef = 11ED672B1D81E15B00DC5CEB /* Theme.mm */; };
		11ED672E1D81F11F00DC5CEB /* close_128.png in Resources */ = {isa = PBXBuildFile; fileRef = 11ED672D1D81F11F00DC5CEB /* close_128.png */; };
/* End PBXBuildFile section */

/* Begin PBXFileReference section */
		113FF74B1D89CE8D00138593 /* clipboard@2x.png */ = {isa = PBXFileReference; lastKnownFileType = image.png; name = "clipboard@2x.png"; path = "../../../Graphics/icon/clipboard@2x.png"; sourceTree = "<group>"; };
		113FF74D1D89CE8D00138593 /* paper-plane@2x.png */ = {isa = PBXFileReference; lastKnownFileType = image.png; name = "paper-plane@2x.png"; path = "../../../Graphics/icon/paper-plane@2x.png"; sourceTree = "<group>"; };
		113FF7531D89D03500138593 /* wallet@2x.png */ = {isa = PBXFileReference; lastKnownFileType = image.png; name = "wallet@2x.png"; path = "../../../Graphics/icon/wallet@2x.png"; sourceTree = "<group>"; };
		1157945A1D79F0FB0039DAF1 /* moneybag_256.png */ = {isa = PBXFileReference; lastKnownFileType = image.png; name = moneybag_256.png; path = ../../../Graphics/icon/moneybag_256.png; sourceTree = "<group>"; };
		1161BE601D85278100D5A28A /* arrow_256.png */ = {isa = PBXFileReference; lastKnownFileType = image.png; name = arrow_256.png; path = ../../../Graphics/icon/arrow_256.png; sourceTree = "<group>"; };
		1161BE621D8551AF00D5A28A /* SignupViewController.h */ = {isa = PBXFileReference; fileEncoding = 4; lastKnownFileType = sourcecode.c.h; name = SignupViewController.h; path = Views/Signup/SignupViewController.h; sourceTree = "<group>"; };
		1161BE631D8551AF00D5A28A /* SignupViewController.mm */ = {isa = PBXFileReference; fileEncoding = 4; lastKnownFileType = sourcecode.cpp.objcpp; name = SignupViewController.mm; path = Views/Signup/SignupViewController.mm; sourceTree = "<group>"; };
		1161BE681D855A3800D5A28A /* ProfileViewController.h */ = {isa = PBXFileReference; fileEncoding = 4; lastKnownFileType = sourcecode.c.h; name = ProfileViewController.h; path = Views/Profile/ProfileViewController.h; sourceTree = "<group>"; };
		1161BE691D855A3800D5A28A /* ProfileViewController.mm */ = {isa = PBXFileReference; fileEncoding = 4; lastKnownFileType = sourcecode.cpp.objcpp; name = ProfileViewController.mm; path = Views/Profile/ProfileViewController.mm; sourceTree = "<group>"; };
		1161BE6C1D858B1400D5A28A /* SearchViewController.h */ = {isa = PBXFileReference; fileEncoding = 4; lastKnownFileType = sourcecode.c.h; name = SearchViewController.h; path = Views/Search/SearchViewController.h; sourceTree = "<group>"; };
		1161BE6D1D858B1400D5A28A /* SearchViewController.mm */ = {isa = PBXFileReference; fileEncoding = 4; lastKnownFileType = sourcecode.cpp.objcpp; name = SearchViewController.mm; path = Views/Search/SearchViewController.mm; sourceTree = "<group>"; };
		118704711D78AC6900D88E6D /* Plutus.app */ = {isa = PBXFileReference; explicitFileType = wrapper.application; includeInIndex = 0; path = Plutus.app; sourceTree = BUILT_PRODUCTS_DIR; };
		118704751D78AC6A00D88E6D /* main.m */ = {isa = PBXFileReference; lastKnownFileType = sourcecode.c.objc; path = main.m; sourceTree = "<group>"; };
		118704771D78AC6A00D88E6D /* AppDelegate.h */ = {isa = PBXFileReference; lastKnownFileType = sourcecode.c.h; path = AppDelegate.h; sourceTree = "<group>"; };
		118704781D78AC6A00D88E6D /* AppDelegate.m */ = {isa = PBXFileReference; lastKnownFileType = sourcecode.c.objc; path = AppDelegate.m; sourceTree = "<group>"; };
		1187047E1D78AC6A00D88E6D /* Base */ = {isa = PBXFileReference; lastKnownFileType = file.storyboard; name = Base; path = Base.lproj/Main.storyboard; sourceTree = "<group>"; };
		118704801D78AC6A00D88E6D /* Assets.xcassets */ = {isa = PBXFileReference; lastKnownFileType = folder.assetcatalog; path = Assets.xcassets; sourceTree = "<group>"; };
		118704831D78AC6A00D88E6D /* Base */ = {isa = PBXFileReference; lastKnownFileType = file.storyboard; name = Base; path = Base.lproj/LaunchScreen.storyboard; sourceTree = "<group>"; };
		118704851D78AC6A00D88E6D /* Info.plist */ = {isa = PBXFileReference; lastKnownFileType = text.plist.xml; path = Info.plist; sourceTree = "<group>"; };
		11A650761D8AF825009D56F2 /* TransferViewController.h */ = {isa = PBXFileReference; fileEncoding = 4; lastKnownFileType = sourcecode.c.h; name = TransferViewController.h; path = Views/Transfer/TransferViewController.h; sourceTree = "<group>"; };
		11A650771D8AF825009D56F2 /* TransferViewController.mm */ = {isa = PBXFileReference; fileEncoding = 4; lastKnownFileType = sourcecode.cpp.objcpp; name = TransferViewController.mm; path = Views/Transfer/TransferViewController.mm; sourceTree = "<group>"; };
		11A6507A1D8B0C82009D56F2 /* CommonViewController.h */ = {isa = PBXFileReference; fileEncoding = 4; lastKnownFileType = sourcecode.c.h; name = CommonViewController.h; path = Views/Common/CommonViewController.h; sourceTree = "<group>"; };
		11A6507B1D8B0C82009D56F2 /* CommonViewController.mm */ = {isa = PBXFileReference; fileEncoding = 4; lastKnownFileType = sourcecode.cpp.objcpp; name = CommonViewController.mm; path = Views/Common/CommonViewController.mm; sourceTree = "<group>"; };
		11A6507E1D8B1155009D56F2 /* HistoryViewController.h */ = {isa = PBXFileReference; fileEncoding = 4; lastKnownFileType = sourcecode.c.h; name = HistoryViewController.h; path = Views/History/HistoryViewController.h; sourceTree = "<group>"; };
		11A6507F1D8B1155009D56F2 /* HistoryViewController.mm */ = {isa = PBXFileReference; fileEncoding = 4; lastKnownFileType = sourcecode.cpp.objcpp; name = HistoryViewController.mm; path = Views/History/HistoryViewController.mm; sourceTree = "<group>"; };
		11A650811D8B22B5009D56F2 /* arrow-right2.png */ = {isa = PBXFileReference; lastKnownFileType = image.png; name = "arrow-right2.png"; path = "../../../Graphics/icon/arrow-right2.png"; sourceTree = "<group>"; };
		11A650831D8B30C6009D56F2 /* moneybag_gray_256.png */ = {isa = PBXFileReference; lastKnownFileType = image.png; name = moneybag_gray_256.png; path = ../../../Graphics/icon/moneybag_gray_256.png; sourceTree = "<group>"; };
		11C353B41D8E8CBD0046E097 /* Constants.cpp */ = {isa = PBXFileReference; fileEncoding = 4; lastKnownFileType = sourcecode.cpp.cpp; name = Constants.cpp; path = Utils/Constants.cpp; sourceTree = "<group>"; };
		11C353B51D8E8CBD0046E097 /* Constants.h */ = {isa = PBXFileReference; fileEncoding = 4; lastKnownFileType = sourcecode.c.h; name = Constants.h; path = Utils/Constants.h; sourceTree = "<group>"; };
		11C353B71D8EAB030046E097 /* arrow-left.png */ = {isa = PBXFileReference; lastKnownFileType = image.png; name = "arrow-left.png"; path = "../../../Graphics/icon/arrow-left.png"; sourceTree = "<group>"; };
		11C353B91D8EAC2A0046E097 /* arrow-right2_red.png */ = {isa = PBXFileReference; lastKnownFileType = image.png; name = "arrow-right2_red.png"; path = "../../../Graphics/icon/arrow-right2_red.png"; sourceTree = "<group>"; };
		11D5A9B01D928F87002A15EF /* Service.h */ = {isa = PBXFileReference; fileEncoding = 4; lastKnownFileType = sourcecode.c.h; path = Service.h; sourceTree = "<group>"; };
		11D5A9B21D929030002A15EF /* Service.mm */ = {isa = PBXFileReference; fileEncoding = 4; lastKnownFileType = sourcecode.cpp.objcpp; path = Service.mm; sourceTree = "<group>"; };
		11EB976B1D8D97F700B536EB /* HistoryTableViewCell.h */ = {isa = PBXFileReference; fileEncoding = 4; lastKnownFileType = sourcecode.c.h; name = HistoryTableViewCell.h; path = Views/History/HistoryTableViewCell.h; sourceTree = "<group>"; };
		11EB976C1D8D97F700B536EB /* HistoryTableViewCell.mm */ = {isa = PBXFileReference; fileEncoding = 4; lastKnownFileType = sourcecode.cpp.objcpp; name = HistoryTableViewCell.mm; path = Views/History/HistoryTableViewCell.mm; sourceTree = "<group>"; };
		11ED671C1D81AD4500DC5CEB /* LoginViewController.h */ = {isa = PBXFileReference; fileEncoding = 4; lastKnownFileType = sourcecode.c.h; name = LoginViewController.h; path = Views/Login/LoginViewController.h; sourceTree = "<group>"; };
		11ED671D1D81AD4500DC5CEB /* LoginViewController.mm */ = {isa = PBXFileReference; fileEncoding = 4; lastKnownFileType = sourcecode.cpp.objcpp; name = LoginViewController.mm; path = Views/Login/LoginViewController.mm; sourceTree = "<group>"; };
		11ED67261D81E03500DC5CEB /* Utils.h */ = {isa = PBXFileReference; fileEncoding = 4; lastKnownFileType = sourcecode.c.h; name = Utils.h; path = Utils/Utils.h; sourceTree = "<group>"; };
		11ED67271D81E03500DC5CEB /* Utils.mm */ = {isa = PBXFileReference; fileEncoding = 4; lastKnownFileType = sourcecode.cpp.objcpp; name = Utils.mm; path = Utils/Utils.mm; sourceTree = "<group>"; };
		11ED672A1D81E15B00DC5CEB /* Theme.h */ = {isa = PBXFileReference; fileEncoding = 4; lastKnownFileType = sourcecode.c.h; name = Theme.h; path = Theme/Theme.h; sourceTree = "<group>"; };
		11ED672B1D81E15B00DC5CEB /* Theme.mm */ = {isa = PBXFileReference; fileEncoding = 4; lastKnownFileType = sourcecode.cpp.objcpp; name = Theme.mm; path = Theme/Theme.mm; sourceTree = "<group>"; };
		11ED672D1D81F11F00DC5CEB /* close_128.png */ = {isa = PBXFileReference; lastKnownFileType = image.png; name = close_128.png; path = ../../../Graphics/icon/close_128.png; sourceTree = "<group>"; };
/* End PBXFileReference section */

/* Begin PBXFrameworksBuildPhase section */
		1187046E1D78AC6900D88E6D /* Frameworks */ = {
			isa = PBXFrameworksBuildPhase;
			buildActionMask = 2147483647;
			files = (
			);
			runOnlyForDeploymentPostprocessing = 0;
		};
/* End PBXFrameworksBuildPhase section */

/* Begin PBXGroup section */
		115794561D79DD530039DAF1 /* Resources */ = {
			isa = PBXGroup;
			children = (
				11C353B91D8EAC2A0046E097 /* arrow-right2_red.png */,
				11C353B71D8EAB030046E097 /* arrow-left.png */,
				11A650831D8B30C6009D56F2 /* moneybag_gray_256.png */,
				11A650811D8B22B5009D56F2 /* arrow-right2.png */,
				113FF7531D89D03500138593 /* wallet@2x.png */,
				113FF74B1D89CE8D00138593 /* clipboard@2x.png */,
				113FF74D1D89CE8D00138593 /* paper-plane@2x.png */,
				1161BE601D85278100D5A28A /* arrow_256.png */,
				11ED672D1D81F11F00DC5CEB /* close_128.png */,
				1157945A1D79F0FB0039DAF1 /* moneybag_256.png */,
			);
			name = Resources;
			sourceTree = "<group>";
		};
		1161BE651D8559EE00D5A28A /* Profile */ = {
			isa = PBXGroup;
			children = (
			);
			name = Profile;
			sourceTree = "<group>";
		};
		1161BE661D8559FF00D5A28A /* App */ = {
			isa = PBXGroup;
			children = (
				118704751D78AC6A00D88E6D /* main.m */,
				118704771D78AC6A00D88E6D /* AppDelegate.h */,
				118704781D78AC6A00D88E6D /* AppDelegate.m */,
				1187047D1D78AC6A00D88E6D /* Main.storyboard */,
				118704801D78AC6A00D88E6D /* Assets.xcassets */,
				118704821D78AC6A00D88E6D /* LaunchScreen.storyboard */,
				118704851D78AC6A00D88E6D /* Info.plist */,
			);
			name = App;
			sourceTree = "<group>";
		};
		1161BE671D855A2500D5A28A /* Profile */ = {
			isa = PBXGroup;
			children = (
				1161BE681D855A3800D5A28A /* ProfileViewController.h */,
				1161BE691D855A3800D5A28A /* ProfileViewController.mm */,
			);
			name = Profile;
			sourceTree = "<group>";
		};
		1161BE6B1D858AF500D5A28A /* Search */ = {
			isa = PBXGroup;
			children = (
				1161BE6C1D858B1400D5A28A /* SearchViewController.h */,
				1161BE6D1D858B1400D5A28A /* SearchViewController.mm */,
			);
			name = Search;
			sourceTree = "<group>";
		};
		118704681D78AC6900D88E6D = {
			isa = PBXGroup;
			children = (
				118704731D78AC6A00D88E6D /* Plutus */,
				118704721D78AC6900D88E6D /* Products */,
			);
			sourceTree = "<group>";
		};
		118704721D78AC6900D88E6D /* Products */ = {
			isa = PBXGroup;
			children = (
				118704711D78AC6900D88E6D /* Plutus.app */,
			);
			name = Products;
			sourceTree = "<group>";
		};
		118704731D78AC6A00D88E6D /* Plutus */ = {
			isa = PBXGroup;
			children = (
				11D5A9AE1D928F87002A15EF /* Service */,
				1161BE661D8559FF00D5A28A /* App */,
				1161BE651D8559EE00D5A28A /* Profile */,
				11ED67291D81E14E00DC5CEB /* Theme */,
				11ED67251D81E01F00DC5CEB /* Utils */,
				11B275AD1D7BF7CC00F6433C /* Views */,
				115794561D79DD530039DAF1 /* Resources */,
				118704741D78AC6A00D88E6D /* Supporting Files */,
			);
			path = Plutus;
			sourceTree = "<group>";
		};
		118704741D78AC6A00D88E6D /* Supporting Files */ = {
			isa = PBXGroup;
			children = (
			);
			name = "Supporting Files";
			sourceTree = "<group>";
		};
		11A650751D8AF7FE009D56F2 /* Transfer */ = {
			isa = PBXGroup;
			children = (
				11A650761D8AF825009D56F2 /* TransferViewController.h */,
				11A650771D8AF825009D56F2 /* TransferViewController.mm */,
			);
			name = Transfer;
			sourceTree = "<group>";
		};
		11A650791D8B0C67009D56F2 /* Common */ = {
			isa = PBXGroup;
			children = (
				11A6507A1D8B0C82009D56F2 /* CommonViewController.h */,
				11A6507B1D8B0C82009D56F2 /* CommonViewController.mm */,
			);
			name = Common;
			sourceTree = "<group>";
		};
		11A6507D1D8B1143009D56F2 /* History */ = {
			isa = PBXGroup;
			children = (
				11EB976B1D8D97F700B536EB /* HistoryTableViewCell.h */,
				11EB976C1D8D97F700B536EB /* HistoryTableViewCell.mm */,
				11A6507E1D8B1155009D56F2 /* HistoryViewController.h */,
				11A6507F1D8B1155009D56F2 /* HistoryViewController.mm */,
			);
			name = History;
			sourceTree = "<group>";
		};
		11B275AD1D7BF7CC00F6433C /* Views */ = {
			isa = PBXGroup;
			children = (
				11A6507D1D8B1143009D56F2 /* History */,
				11A650791D8B0C67009D56F2 /* Common */,
				11A650751D8AF7FE009D56F2 /* Transfer */,
				1161BE6B1D858AF500D5A28A /* Search */,
				1161BE671D855A2500D5A28A /* Profile */,
				11ED670F1D81ACC600DC5CEB /* Signup */,
				11ED670E1D81ACC000DC5CEB /* Login */,
			);
			name = Views;
			sourceTree = "<group>";
		};
		11D5A9AE1D928F87002A15EF /* Service */ = {
			isa = PBXGroup;
			children = (
				11D5A9B21D929030002A15EF /* Service.mm */,
				11D5A9B01D928F87002A15EF /* Service.h */,
			);
			path = Service;
			sourceTree = "<group>";
		};
		11ED670E1D81ACC000DC5CEB /* Login */ = {
			isa = PBXGroup;
			children = (
				11ED671C1D81AD4500DC5CEB /* LoginViewController.h */,
				11ED671D1D81AD4500DC5CEB /* LoginViewController.mm */,
			);
			name = Login;
			sourceTree = "<group>";
		};
		11ED670F1D81ACC600DC5CEB /* Signup */ = {
			isa = PBXGroup;
			children = (
				1161BE621D8551AF00D5A28A /* SignupViewController.h */,
				1161BE631D8551AF00D5A28A /* SignupViewController.mm */,
			);
			name = Signup;
			sourceTree = "<group>";
		};
		11ED67251D81E01F00DC5CEB /* Utils */ = {
			isa = PBXGroup;
			children = (
				11C353B41D8E8CBD0046E097 /* Constants.cpp */,
				11C353B51D8E8CBD0046E097 /* Constants.h */,
				11ED67261D81E03500DC5CEB /* Utils.h */,
				11ED67271D81E03500DC5CEB /* Utils.mm */,
			);
			name = Utils;
			sourceTree = "<group>";
		};
		11ED67291D81E14E00DC5CEB /* Theme */ = {
			isa = PBXGroup;
			children = (
				11ED672A1D81E15B00DC5CEB /* Theme.h */,
				11ED672B1D81E15B00DC5CEB /* Theme.mm */,
			);
			name = Theme;
			sourceTree = "<group>";
		};
/* End PBXGroup section */

/* Begin PBXNativeTarget section */
		118704701D78AC6900D88E6D /* Plutus */ = {
			isa = PBXNativeTarget;
			buildConfigurationList = 118704881D78AC6A00D88E6D /* Build configuration list for PBXNativeTarget "Plutus" */;
			buildPhases = (
				1187046D1D78AC6900D88E6D /* Sources */,
				1187046E1D78AC6900D88E6D /* Frameworks */,
				1187046F1D78AC6900D88E6D /* Resources */,
			);
			buildRules = (
			);
			dependencies = (
			);
			name = Plutus;
			productName = Plutus;
			productReference = 118704711D78AC6900D88E6D /* Plutus.app */;
			productType = "com.apple.product-type.application";
		};
/* End PBXNativeTarget section */

/* Begin PBXProject section */
		118704691D78AC6900D88E6D /* Project object */ = {
			isa = PBXProject;
			attributes = {
				LastUpgradeCheck = 0730;
				ORGANIZATIONNAME = edu.self;
				TargetAttributes = {
					118704701D78AC6900D88E6D = {
						CreatedOnToolsVersion = 7.3;
					};
				};
			};
			buildConfigurationList = 1187046C1D78AC6900D88E6D /* Build configuration list for PBXProject "Plutus" */;
			compatibilityVersion = "Xcode 3.2";
			developmentRegion = English;
			hasScannedForEncodings = 0;
			knownRegions = (
				en,
				Base,
			);
			mainGroup = 118704681D78AC6900D88E6D;
			productRefGroup = 118704721D78AC6900D88E6D /* Products */;
			projectDirPath = "";
			projectRoot = "";
			targets = (
				118704701D78AC6900D88E6D /* Plutus */,
			);
		};
/* End PBXProject section */

/* Begin PBXResourcesBuildPhase section */
		1187046F1D78AC6900D88E6D /* Resources */ = {
			isa = PBXResourcesBuildPhase;
			buildActionMask = 2147483647;
			files = (
				113FF7501D89CE8D00138593 /* paper-plane@2x.png in Resources */,
				113FF7541D89D03500138593 /* wallet@2x.png in Resources */,
				11ED672E1D81F11F00DC5CEB /* close_128.png in Resources */,
				1161BE611D85278100D5A28A /* arrow_256.png in Resources */,
				11C353BA1D8EAC2A0046E097 /* arrow-right2_red.png in Resources */,
				11C353B81D8EAB030046E097 /* arrow-left.png in Resources */,
				118704841D78AC6A00D88E6D /* LaunchScreen.storyboard in Resources */,
				1157945B1D79F0FB0039DAF1 /* moneybag_256.png in Resources */,
				113FF74E1D89CE8D00138593 /* clipboard@2x.png in Resources */,
				118704811D78AC6A00D88E6D /* Assets.xcassets in Resources */,
				1187047F1D78AC6A00D88E6D /* Main.storyboard in Resources */,
				11A650841D8B30C6009D56F2 /* moneybag_gray_256.png in Resources */,
				11A650821D8B22B5009D56F2 /* arrow-right2.png in Resources */,
			);
			runOnlyForDeploymentPostprocessing = 0;
		};
/* End PBXResourcesBuildPhase section */

/* Begin PBXSourcesBuildPhase section */
		1187046D1D78AC6900D88E6D /* Sources */ = {
			isa = PBXSourcesBuildPhase;
			buildActionMask = 2147483647;
			files = (
				1161BE641D8551AF00D5A28A /* SignupViewController.mm in Sources */,
				11C353B61D8E8CBD0046E097 /* Constants.cpp in Sources */,
				11ED671E1D81AD4500DC5CEB /* LoginViewController.mm in Sources */,
				11D5A9B31D929030002A15EF /* Service.mm in Sources */,
				1161BE6A1D855A3800D5A28A /* ProfileViewController.mm in Sources */,
				11ED67281D81E03500DC5CEB /* Utils.mm in Sources */,
				11EB976D1D8D97F700B536EB /* HistoryTableViewCell.mm in Sources */,
				1161BE6E1D858B1400D5A28A /* SearchViewController.mm in Sources */,
				11A6507C1D8B0C82009D56F2 /* CommonViewController.mm in Sources */,
				11ED672C1D81E15B00DC5CEB /* Theme.mm in Sources */,
				11A650801D8B1155009D56F2 /* HistoryViewController.mm in Sources */,
				11A650781D8AF825009D56F2 /* TransferViewController.mm in Sources */,
				118704791D78AC6A00D88E6D /* AppDelegate.m in Sources */,
				118704761D78AC6A00D88E6D /* main.m in Sources */,
			);
			runOnlyForDeploymentPostprocessing = 0;
		};
/* End PBXSourcesBuildPhase section */

/* Begin PBXVariantGroup section */
		1187047D1D78AC6A00D88E6D /* Main.storyboard */ = {
			isa = PBXVariantGroup;
			children = (
				1187047E1D78AC6A00D88E6D /* Base */,
			);
			name = Main.storyboard;
			sourceTree = "<group>";
		};
		118704821D78AC6A00D88E6D /* LaunchScreen.storyboard */ = {
			isa = PBXVariantGroup;
			children = (
				118704831D78AC6A00D88E6D /* Base */,
			);
			name = LaunchScreen.storyboard;
			sourceTree = "<group>";
		};
/* End PBXVariantGroup section */

/* Begin XCBuildConfiguration section */
		118704861D78AC6A00D88E6D /* Debug */ = {
			isa = XCBuildConfiguration;
			buildSettings = {
				ALWAYS_SEARCH_USER_PATHS = NO;
				CLANG_ANALYZER_NONNULL = YES;
				CLANG_CXX_LANGUAGE_STANDARD = "gnu++0x";
				CLANG_CXX_LIBRARY = "libc++";
				CLANG_ENABLE_MODULES = YES;
				CLANG_ENABLE_OBJC_ARC = YES;
				CLANG_WARN_BOOL_CONVERSION = YES;
				CLANG_WARN_CONSTANT_CONVERSION = YES;
				CLANG_WARN_DIRECT_OBJC_ISA_USAGE = YES_ERROR;
				CLANG_WARN_EMPTY_BODY = YES;
				CLANG_WARN_ENUM_CONVERSION = YES;
				CLANG_WARN_INT_CONVERSION = YES;
				CLANG_WARN_OBJC_ROOT_CLASS = YES_ERROR;
				CLANG_WARN_UNREACHABLE_CODE = YES;
				CLANG_WARN__DUPLICATE_METHOD_MATCH = YES;
				"CODE_SIGN_IDENTITY[sdk=iphoneos*]" = "iPhone Developer";
				COPY_PHASE_STRIP = NO;
				DEBUG_INFORMATION_FORMAT = dwarf;
				ENABLE_STRICT_OBJC_MSGSEND = YES;
				ENABLE_TESTABILITY = YES;
				GCC_C_LANGUAGE_STANDARD = gnu99;
				GCC_DYNAMIC_NO_PIC = NO;
				GCC_NO_COMMON_BLOCKS = YES;
				GCC_OPTIMIZATION_LEVEL = 0;
				GCC_PREPROCESSOR_DEFINITIONS = (
					"DEBUG=1",
					"$(inherited)",
				);
				GCC_WARN_64_TO_32_BIT_CONVERSION = YES;
				GCC_WARN_ABOUT_RETURN_TYPE = YES_ERROR;
				GCC_WARN_UNDECLARED_SELECTOR = YES;
				GCC_WARN_UNINITIALIZED_AUTOS = YES_AGGRESSIVE;
				GCC_WARN_UNUSED_FUNCTION = YES;
				GCC_WARN_UNUSED_VARIABLE = YES;
				IPHONEOS_DEPLOYMENT_TARGET = 9.3;
				MTL_ENABLE_DEBUG_INFO = YES;
				ONLY_ACTIVE_ARCH = YES;
				SDKROOT = iphoneos;
			};
			name = Debug;
		};
		118704871D78AC6A00D88E6D /* Release */ = {
			isa = XCBuildConfiguration;
			buildSettings = {
				ALWAYS_SEARCH_USER_PATHS = NO;
				CLANG_ANALYZER_NONNULL = YES;
				CLANG_CXX_LANGUAGE_STANDARD = "gnu++0x";
				CLANG_CXX_LIBRARY = "libc++";
				CLANG_ENABLE_MODULES = YES;
				CLANG_ENABLE_OBJC_ARC = YES;
				CLANG_WARN_BOOL_CONVERSION = YES;
				CLANG_WARN_CONSTANT_CONVERSION = YES;
				CLANG_WARN_DIRECT_OBJC_ISA_USAGE = YES_ERROR;
				CLANG_WARN_EMPTY_BODY = YES;
				CLANG_WARN_ENUM_CONVERSION = YES;
				CLANG_WARN_INT_CONVERSION = YES;
				CLANG_WARN_OBJC_ROOT_CLASS = YES_ERROR;
				CLANG_WARN_UNREACHABLE_CODE = YES;
				CLANG_WARN__DUPLICATE_METHOD_MATCH = YES;
				"CODE_SIGN_IDENTITY[sdk=iphoneos*]" = "iPhone Developer";
				COPY_PHASE_STRIP = NO;
				DEBUG_INFORMATION_FORMAT = "dwarf-with-dsym";
				ENABLE_NS_ASSERTIONS = NO;
				ENABLE_STRICT_OBJC_MSGSEND = YES;
				GCC_C_LANGUAGE_STANDARD = gnu99;
				GCC_NO_COMMON_BLOCKS = YES;
				GCC_WARN_64_TO_32_BIT_CONVERSION = YES;
				GCC_WARN_ABOUT_RETURN_TYPE = YES_ERROR;
				GCC_WARN_UNDECLARED_SELECTOR = YES;
				GCC_WARN_UNINITIALIZED_AUTOS = YES_AGGRESSIVE;
				GCC_WARN_UNUSED_FUNCTION = YES;
				GCC_WARN_UNUSED_VARIABLE = YES;
				IPHONEOS_DEPLOYMENT_TARGET = 9.3;
				MTL_ENABLE_DEBUG_INFO = NO;
				SDKROOT = iphoneos;
				VALIDATE_PRODUCT = YES;
			};
			name = Release;
		};
		118704891D78AC6A00D88E6D /* Debug */ = {
			isa = XCBuildConfiguration;
			buildSettings = {
				ASSETCATALOG_COMPILER_APPICON_NAME = AppIcon;
				INFOPLIST_FILE = Plutus/Info.plist;
				LD_RUNPATH_SEARCH_PATHS = "$(inherited) @executable_path/Frameworks";
				PRODUCT_BUNDLE_IDENTIFIER = edu.self.Plutus;
				PRODUCT_NAME = "$(TARGET_NAME)";
			};
			name = Debug;
		};
		1187048A1D78AC6A00D88E6D /* Release */ = {
			isa = XCBuildConfiguration;
			buildSettings = {
				ASSETCATALOG_COMPILER_APPICON_NAME = AppIcon;
				INFOPLIST_FILE = Plutus/Info.plist;
				LD_RUNPATH_SEARCH_PATHS = "$(inherited) @executable_path/Frameworks";
				PRODUCT_BUNDLE_IDENTIFIER = edu.self.Plutus;
				PRODUCT_NAME = "$(TARGET_NAME)";
			};
			name = Release;
		};
/* End XCBuildConfiguration section */

/* Begin XCConfigurationList section */
		1187046C1D78AC6900D88E6D /* Build configuration list for PBXProject "Plutus" */ = {
			isa = XCConfigurationList;
			buildConfigurations = (
				118704861D78AC6A00D88E6D /* Debug */,
				118704871D78AC6A00D88E6D /* Release */,
			);
			defaultConfigurationIsVisible = 0;
			defaultConfigurationName = Release;
		};
		118704881D78AC6A00D88E6D /* Build configuration list for PBXNativeTarget "Plutus" */ = {
			isa = XCConfigurationList;
			buildConfigurations = (
				118704891D78AC6A00D88E6D /* Debug */,
				1187048A1D78AC6A00D88E6D /* Release */,
			);
			defaultConfigurationIsVisible = 0;
			defaultConfigurationName = Release;
		};
/* End XCConfigurationList section */
	};
	rootObject = 118704691D78AC6900D88E6D /* Project object */;
}
